// !$*UTF8*$!
{
	archiveVersion = 1;
	classes = {
	};
	objectVersion = 46;
	objects = {

/* Begin PBXBuildFile section */
		806F547F1EF8FC5D00EF8BDD /* AppDelegate.swift in Sources */ = {isa = PBXBuildFile; fileRef = 806F547E1EF8FC5D00EF8BDD /* AppDelegate.swift */; };
		806F54811EF8FC5D00EF8BDD /* ViewController.swift in Sources */ = {isa = PBXBuildFile; fileRef = 806F54801EF8FC5D00EF8BDD /* ViewController.swift */; };
		806F54841EF8FC5D00EF8BDD /* Main.storyboard in Resources */ = {isa = PBXBuildFile; fileRef = 806F54821EF8FC5D00EF8BDD /* Main.storyboard */; };
		806F54861EF8FC5D00EF8BDD /* Assets.xcassets in Resources */ = {isa = PBXBuildFile; fileRef = 806F54851EF8FC5D00EF8BDD /* Assets.xcassets */; };
		806F54891EF8FC5D00EF8BDD /* LaunchScreen.storyboard in Resources */ = {isa = PBXBuildFile; fileRef = 806F54871EF8FC5D00EF8BDD /* LaunchScreen.storyboard */; };
		806F54941EF8FC5D00EF8BDD /* UnitTestDemoTests.swift in Sources */ = {isa = PBXBuildFile; fileRef = 806F54931EF8FC5D00EF8BDD /* UnitTestDemoTests.swift */; };
/* End PBXBuildFile section */

/* Begin PBXContainerItemProxy section */
		806F54901EF8FC5D00EF8BDD /* PBXContainerItemProxy */ = {
			isa = PBXContainerItemProxy;
			containerPortal = 806F54731EF8FC5D00EF8BDD /* Project object */;
			proxyType = 1;
			remoteGlobalIDString = 806F547A1EF8FC5D00EF8BDD;
			remoteInfo = UnitTestDemo;
		};
/* End PBXContainerItemProxy section */

/* Begin PBXFileReference section */
		806F547B1EF8FC5D00EF8BDD /* UnitTestDemo.app */ = {isa = PBXFileReference; explicitFileType = wrapper.application; includeInIndex = 0; path = UnitTestDemo.app; sourceTree = BUILT_PRODUCTS_DIR; };
		806F547E1EF8FC5D00EF8BDD /* AppDelegate.swift */ = {isa = PBXFileReference; lastKnownFileType = sourcecode.swift; path = AppDelegate.swift; sourceTree = "<group>"; };
		806F54801EF8FC5D00EF8BDD /* ViewController.swift */ = {isa = PBXFileReference; lastKnownFileType = sourcecode.swift; path = ViewController.swift; sourceTree = "<group>"; };
		806F54831EF8FC5D00EF8BDD /* Base */ = {isa = PBXFileReference; lastKnownFileType = file.storyboard; name = Base; path = Base.lproj/Main.storyboard; sourceTree = "<group>"; };
		806F54851EF8FC5D00EF8BDD /* Assets.xcassets */ = {isa = PBXFileReference; lastKnownFileType = folder.assetcatalog; path = Assets.xcassets; sourceTree = "<group>"; };
		806F54881EF8FC5D00EF8BDD /* Base */ = {isa = PBXFileReference; lastKnownFileType = file.storyboard; name = Base; path = Base.lproj/LaunchScreen.storyboard; sourceTree = "<group>"; };
		806F548A1EF8FC5D00EF8BDD /* Info.plist */ = {isa = PBXFileReference; lastKnownFileType = text.plist.xml; path = Info.plist; sourceTree = "<group>"; };
		806F548F1EF8FC5D00EF8BDD /* UnitTestDemoTests.xctest */ = {isa = PBXFileReference; explicitFileType = wrapper.cfbundle; includeInIndex = 0; path = UnitTestDemoTests.xctest; sourceTree = BUILT_PRODUCTS_DIR; };
		806F54931EF8FC5D00EF8BDD /* UnitTestDemoTests.swift */ = {isa = PBXFileReference; lastKnownFileType = sourcecode.swift; path = UnitTestDemoTests.swift; sourceTree = "<group>"; };
		806F54951EF8FC5D00EF8BDD /* Info.plist */ = {isa = PBXFileReference; lastKnownFileType = text.plist.xml; path = Info.plist; sourceTree = "<group>"; };
/* End PBXFileReference section */

/* Begin PBXFrameworksBuildPhase section */
		806F54781EF8FC5D00EF8BDD /* Frameworks */ = {
			isa = PBXFrameworksBuildPhase;
			buildActionMask = 2147483647;
			files = (
			);
			runOnlyForDeploymentPostprocessing = 0;
		};
		806F548C1EF8FC5D00EF8BDD /* Frameworks */ = {
			isa = PBXFrameworksBuildPhase;
			buildActionMask = 2147483647;
			files = (
			);
			runOnlyForDeploymentPostprocessing = 0;
		};
/* End PBXFrameworksBuildPhase section */

/* Begin PBXGroup section */
		806F54721EF8FC5D00EF8BDD = {
			isa = PBXGroup;
			children = (
				806F547D1EF8FC5D00EF8BDD /* UnitTestDemo */,
				806F54921EF8FC5D00EF8BDD /* UnitTestDemoTests */,
				806F547C1EF8FC5D00EF8BDD /* Products */,
			);
			sourceTree = "<group>";
		};
		806F547C1EF8FC5D00EF8BDD /* Products */ = {
			isa = PBXGroup;
			children = (
				806F547B1EF8FC5D00EF8BDD /* UnitTestDemo.app */,
				806F548F1EF8FC5D00EF8BDD /* UnitTestDemoTests.xctest */,
			);
			name = Products;
			sourceTree = "<group>";
		};
		806F547D1EF8FC5D00EF8BDD /* UnitTestDemo */ = {
			isa = PBXGroup;
			children = (
				806F547E1EF8FC5D00EF8BDD /* AppDelegate.swift */,
				806F54801EF8FC5D00EF8BDD /* ViewController.swift */,
				806F54821EF8FC5D00EF8BDD /* Main.storyboard */,
				806F54851EF8FC5D00EF8BDD /* Assets.xcassets */,
				806F54871EF8FC5D00EF8BDD /* LaunchScreen.storyboard */,
				806F548A1EF8FC5D00EF8BDD /* Info.plist */,
			);
			path = UnitTestDemo;
			sourceTree = "<group>";
		};
		806F54921EF8FC5D00EF8BDD /* UnitTestDemoTests */ = {
			isa = PBXGroup;
			children = (
				806F54931EF8FC5D00EF8BDD /* UnitTestDemoTests.swift */,
				806F54951EF8FC5D00EF8BDD /* Info.plist */,
			);
			path = UnitTestDemoTests;
			sourceTree = "<group>";
		};
/* End PBXGroup section */

/* Begin PBXNativeTarget section */
		806F547A1EF8FC5D00EF8BDD /* UnitTestDemo */ = {
			isa = PBXNativeTarget;
			buildConfigurationList = 806F54981EF8FC5D00EF8BDD /* Build configuration list for PBXNativeTarget "UnitTestDemo" */;
			buildPhases = (
				806F54771EF8FC5D00EF8BDD /* Sources */,
				806F54781EF8FC5D00EF8BDD /* Frameworks */,
				806F54791EF8FC5D00EF8BDD /* Resources */,
			);
			buildRules = (
			);
			dependencies = (
			);
			name = UnitTestDemo;
			productName = UnitTestDemo;
			productReference = 806F547B1EF8FC5D00EF8BDD /* UnitTestDemo.app */;
			productType = "com.apple.product-type.application";
		};
		806F548E1EF8FC5D00EF8BDD /* UnitTestDemoTests */ = {
			isa = PBXNativeTarget;
			buildConfigurationList = 806F549B1EF8FC5D00EF8BDD /* Build configuration list for PBXNativeTarget "UnitTestDemoTests" */;
			buildPhases = (
				806F548B1EF8FC5D00EF8BDD /* Sources */,
				806F548C1EF8FC5D00EF8BDD /* Frameworks */,
				806F548D1EF8FC5D00EF8BDD /* Resources */,
			);
			buildRules = (
			);
			dependencies = (
				806F54911EF8FC5D00EF8BDD /* PBXTargetDependency */,
			);
			name = UnitTestDemoTests;
			productName = UnitTestDemoTests;
			productReference = 806F548F1EF8FC5D00EF8BDD /* UnitTestDemoTests.xctest */;
			productType = "com.apple.product-type.bundle.unit-test";
		};
/* End PBXNativeTarget section */

/* Begin PBXProject section */
		806F54731EF8FC5D00EF8BDD /* Project object */ = {
			isa = PBXProject;
			attributes = {
				LastSwiftUpdateCheck = 0830;
				LastUpgradeCheck = 0830;
				ORGANIZATIONNAME = "Vivek Shah";
				TargetAttributes = {
					806F547A1EF8FC5D00EF8BDD = {
						CreatedOnToolsVersion = 8.3.3;
						DevelopmentTeam = EG8EG4WWEN;
						ProvisioningStyle = Automatic;
					};
					806F548E1EF8FC5D00EF8BDD = {
						CreatedOnToolsVersion = 8.3.3;
						DevelopmentTeam = EG8EG4WWEN;
						ProvisioningStyle = Automatic;
						TestTargetID = 806F547A1EF8FC5D00EF8BDD;
					};
				};
			};
			buildConfigurationList = 806F54761EF8FC5D00EF8BDD /* Build configuration list for PBXProject "UnitTestDemo" */;
			compatibilityVersion = "Xcode 3.2";
			developmentRegion = English;
			hasScannedForEncodings = 0;
			knownRegions = (
				en,
				Base,
			);
			mainGroup = 806F54721EF8FC5D00EF8BDD;
			productRefGroup = 806F547C1EF8FC5D00EF8BDD /* Products */;
			projectDirPath = "";
			projectRoot = "";
			targets = (
				806F547A1EF8FC5D00EF8BDD /* UnitTestDemo */,
				806F548E1EF8FC5D00EF8BDD /* UnitTestDemoTests */,
			);
		};
/* End PBXProject section */

/* Begin PBXResourcesBuildPhase section */
		806F54791EF8FC5D00EF8BDD /* Resources */ = {
			isa = PBXResourcesBuildPhase;
			buildActionMask = 2147483647;
			files = (
				806F54891EF8FC5D00EF8BDD /* LaunchScreen.storyboard in Resources */,
				806F54861EF8FC5D00EF8BDD /* Assets.xcassets in Resources */,
				806F54841EF8FC5D00EF8BDD /* Main.storyboard in Resources */,
			);
			runOnlyForDeploymentPostprocessing = 0;
		};
		806F548D1EF8FC5D00EF8BDD /* Resources */ = {
			isa = PBXResourcesBuildPhase;
			buildActionMask = 2147483647;
			files = (
			);
			runOnlyForDeploymentPostprocessing = 0;
		};
/* End PBXResourcesBuildPhase section */

/* Begin PBXSourcesBuildPhase section */
		806F54771EF8FC5D00EF8BDD /* Sources */ = {
			isa = PBXSourcesBuildPhase;
			buildActionMask = 2147483647;
			files = (
				806F54811EF8FC5D00EF8BDD /* ViewController.swift in Sources */,
				806F547F1EF8FC5D00EF8BDD /* AppDelegate.swift in Sources */,
			);
			runOnlyForDeploymentPostprocessing = 0;
		};
		806F548B1EF8FC5D00EF8BDD /* Sources */ = {
			isa = PBXSourcesBuildPhase;
			buildActionMask = 2147483647;
			files = (
				806F54941EF8FC5D00EF8BDD /* UnitTestDemoTests.swift in Sources */,
			);
			runOnlyForDeploymentPostprocessing = 0;
		};
/* End PBXSourcesBuildPhase section */

/* Begin PBXTargetDependency section */
		806F54911EF8FC5D00EF8BDD /* PBXTargetDependency */ = {
			isa = PBXTargetDependency;
			target = 806F547A1EF8FC5D00EF8BDD /* UnitTestDemo */;
			targetProxy = 806F54901EF8FC5D00EF8BDD /* PBXContainerItemProxy */;
		};
/* End PBXTargetDependency section */

/* Begin PBXVariantGroup section */
		806F54821EF8FC5D00EF8BDD /* Main.storyboard */ = {
			isa = PBXVariantGroup;
			children = (
				806F54831EF8FC5D00EF8BDD /* Base */,
			);
			name = Main.storyboard;
			sourceTree = "<group>";
		};
		806F54871EF8FC5D00EF8BDD /* LaunchScreen.storyboard */ = {
			isa = PBXVariantGroup;
			children = (
				806F54881EF8FC5D00EF8BDD /* Base */,
			);
			name = LaunchScreen.storyboard;
			sourceTree = "<group>";
		};
/* End PBXVariantGroup section */

/* Begin XCBuildConfiguration section */
		806F54961EF8FC5D00EF8BDD /* Debug */ = {
			isa = XCBuildConfiguration;
			buildSettings = {
				ALWAYS_SEARCH_USER_PATHS = NO;
				CLANG_ANALYZER_NONNULL = YES;
				CLANG_ANALYZER_NUMBER_OBJECT_CONVERSION = YES_AGGRESSIVE;
				CLANG_CXX_LANGUAGE_STANDARD = "gnu++0x";
				CLANG_CXX_LIBRARY = "libc++";
				CLANG_ENABLE_MODULES = YES;
				CLANG_ENABLE_OBJC_ARC = YES;
				CLANG_WARN_BOOL_CONVERSION = YES;
				CLANG_WARN_CONSTANT_CONVERSION = YES;
				CLANG_WARN_DIRECT_OBJC_ISA_USAGE = YES_ERROR;
				CLANG_WARN_DOCUMENTATION_COMMENTS = YES;
				CLANG_WARN_EMPTY_BODY = YES;
				CLANG_WARN_ENUM_CONVERSION = YES;
				CLANG_WARN_INFINITE_RECURSION = YES;
				CLANG_WARN_INT_CONVERSION = YES;
				CLANG_WARN_OBJC_ROOT_CLASS = YES_ERROR;
				CLANG_WARN_SUSPICIOUS_MOVE = YES;
				CLANG_WARN_UNREACHABLE_CODE = YES;
				CLANG_WARN__DUPLICATE_METHOD_MATCH = YES;
				"CODE_SIGN_IDENTITY[sdk=iphoneos*]" = "iPhone Developer";
				COPY_PHASE_STRIP = NO;
				DEBUG_INFORMATION_FORMAT = dwarf;
				ENABLE_STRICT_OBJC_MSGSEND = YES;
				ENABLE_TESTABILITY = YES;
				GCC_C_LANGUAGE_STANDARD = gnu99;
				GCC_DYNAMIC_NO_PIC = NO;
				GCC_NO_COMMON_BLOCKS = YES;
				GCC_OPTIMIZATION_LEVEL = 0;
				GCC_PREPROCESSOR_DEFINITIONS = (
					"DEBUG=1",
					"$(inherited)",
				);
				GCC_WARN_64_TO_32_BIT_CONVERSION = YES;
				GCC_WARN_ABOUT_RETURN_TYPE = YES_ERROR;
				GCC_WARN_UNDECLARED_SELECTOR = YES;
				GCC_WARN_UNINITIALIZED_AUTOS = YES_AGGRESSIVE;
				GCC_WARN_UNUSED_FUNCTION = YES;
				GCC_WARN_UNUSED_VARIABLE = YES;
				IPHONEOS_DEPLOYMENT_TARGET = 10.3;
				MTL_ENABLE_DEBUG_INFO = YES;
				ONLY_ACTIVE_ARCH = YES;
				SDKROOT = iphoneos;
				SWIFT_ACTIVE_COMPILATION_CONDITIONS = DEBUG;
				SWIFT_OPTIMIZATION_LEVEL = "-Onone";
			};
			name = Debug;
		};
		806F54971EF8FC5D00EF8BDD /* Release */ = {
			isa = XCBuildConfiguration;
			buildSettings = {
				ALWAYS_SEARCH_USER_PATHS = NO;
				CLANG_ANALYZER_NONNULL = YES;
				CLANG_ANALYZER_NUMBER_OBJECT_CONVERSION = YES_AGGRESSIVE;
				CLANG_CXX_LANGUAGE_STANDARD = "gnu++0x";
				CLANG_CXX_LIBRARY = "libc++";
				CLANG_ENABLE_MODULES = YES;
				CLANG_ENABLE_OBJC_ARC = YES;
				CLANG_WARN_BOOL_CONVERSION = YES;
				CLANG_WARN_CONSTANT_CONVERSION = YES;
				CLANG_WARN_DIRECT_OBJC_ISA_USAGE = YES_ERROR;
				CLANG_WARN_DOCUMENTATION_COMMENTS = YES;
				CLANG_WARN_EMPTY_BODY = YES;
				CLANG_WARN_ENUM_CONVERSION = YES;
				CLANG_WARN_INFINITE_RECURSION = YES;
				CLANG_WARN_INT_CONVERSION = YES;
				CLANG_WARN_OBJC_ROOT_CLASS = YES_ERROR;
				CLANG_WARN_SUSPICIOUS_MOVE = YES;
				CLANG_WARN_UNREACHABLE_CODE = YES;
				CLANG_WARN__DUPLICATE_METHOD_MATCH = YES;
				"CODE_SIGN_IDENTITY[sdk=iphoneos*]" = "iPhone Developer";
				COPY_PHASE_STRIP = NO;
				DEBUG_INFORMATION_FORMAT = "dwarf-with-dsym";
				ENABLE_NS_ASSERTIONS = NO;
				ENABLE_STRICT_OBJC_MSGSEND = YES;
				GCC_C_LANGUAGE_STANDARD = gnu99;
				GCC_NO_COMMON_BLOCKS = YES;
				GCC_WARN_64_TO_32_BIT_CONVERSION = YES;
				GCC_WARN_ABOUT_RETURN_TYPE = YES_ERROR;
				GCC_WARN_UNDECLARED_SELECTOR = YES;
				GCC_WARN_UNINITIALIZED_AUTOS = YES_AGGRESSIVE;
				GCC_WARN_UNUSED_FUNCTION = YES;
				GCC_WARN_UNUSED_VARIABLE = YES;
				IPHONEOS_DEPLOYMENT_TARGET = 10.3;
				MTL_ENABLE_DEBUG_INFO = NO;
				SDKROOT = iphoneos;
				SWIFT_OPTIMIZATION_LEVEL = "-Owholemodule";
				VALIDATE_PRODUCT = YES;
			};
			name = Release;
		};
		806F54991EF8FC5D00EF8BDD /* Debug */ = {
			isa = XCBuildConfiguration;
			buildSettings = {
				ASSETCATALOG_COMPILER_APPICON_NAME = AppIcon;
				DEVELOPMENT_TEAM = EG8EG4WWEN;
				INFOPLIST_FILE = UnitTestDemo/Info.plist;
				LD_RUNPATH_SEARCH_PATHS = "$(inherited) @executable_path/Frameworks";
				PRODUCT_BUNDLE_IDENTIFIER = com.zymr.UnitTestDemo;
				PRODUCT_NAME = "$(TARGET_NAME)";
				SWIFT_VERSION = 3.0;
			};
			name = Debug;
		};
		806F549A1EF8FC5D00EF8BDD /* Release */ = {
			isa = XCBuildConfiguration;
			buildSettings = {
				ASSETCATALOG_COMPILER_APPICON_NAME = AppIcon;
				DEVELOPMENT_TEAM = EG8EG4WWEN;
				INFOPLIST_FILE = UnitTestDemo/Info.plist;
				LD_RUNPATH_SEARCH_PATHS = "$(inherited) @executable_path/Frameworks";
				PRODUCT_BUNDLE_IDENTIFIER = com.zymr.UnitTestDemo;
				PRODUCT_NAME = "$(TARGET_NAME)";
				SWIFT_VERSION = 3.0;
			};
			name = Release;
		};
		806F549C1EF8FC5D00EF8BDD /* Debug */ = {
			isa = XCBuildConfiguration;
			buildSettings = {
				ALWAYS_EMBED_SWIFT_STANDARD_LIBRARIES = YES;
				BUNDLE_LOADER = "$(TEST_HOST)";
				DEVELOPMENT_TEAM = EG8EG4WWEN;
				INFOPLIST_FILE = UnitTestDemoTests/Info.plist;
				LD_RUNPATH_SEARCH_PATHS = "$(inherited) @executable_path/Frameworks @loader_path/Frameworks";
				PRODUCT_BUNDLE_IDENTIFIER = com.zymr.UnitTestDemoTests;
				PRODUCT_NAME = "$(TARGET_NAME)";
				SWIFT_VERSION = 3.0;
				TEST_HOST = "$(BUILT_PRODUCTS_DIR)/UnitTestDemo.app/UnitTestDemo";
			};
			name = Debug;
		};
		806F549D1EF8FC5D00EF8BDD /* Release */ = {
			isa = XCBuildConfiguration;
			buildSettings = {
				ALWAYS_EMBED_SWIFT_STANDARD_LIBRARIES = YES;
				BUNDLE_LOADER = "$(TEST_HOST)";
				DEVELOPMENT_TEAM = EG8EG4WWEN;
				INFOPLIST_FILE = UnitTestDemoTests/Info.plist;
				LD_RUNPATH_SEARCH_PATHS = "$(inherited) @executable_path/Frameworks @loader_path/Frameworks";
				PRODUCT_BUNDLE_IDENTIFIER = com.zymr.UnitTestDemoTests;
				PRODUCT_NAME = "$(TARGET_NAME)";
				SWIFT_VERSION = 3.0;
				TEST_HOST = "$(BUILT_PRODUCTS_DIR)/UnitTestDemo.app/UnitTestDemo";
			};
			name = Release;
		};
/* End XCBuildConfiguration section */

/* Begin XCConfigurationList section */
		806F54761EF8FC5D00EF8BDD /* Build configuration list for PBXProject "UnitTestDemo" */ = {
			isa = XCConfigurationList;
			buildConfigurations = (
				806F54961EF8FC5D00EF8BDD /* Debug */,
				806F54971EF8FC5D00EF8BDD /* Release */,
			);
			defaultConfigurationIsVisible = 0;
			defaultConfigurationName = Release;
		};
		806F54981EF8FC5D00EF8BDD /* Build configuration list for PBXNativeTarget "UnitTestDemo" */ = {
			isa = XCConfigurationList;
			buildConfigurations = (
				806F54991EF8FC5D00EF8BDD /* Debug */,
				806F549A1EF8FC5D00EF8BDD /* Release */,
			);
			defaultConfigurationIsVisible = 0;
		};
		806F549B1EF8FC5D00EF8BDD /* Build configuration list for PBXNativeTarget "UnitTestDemoTests" */ = {
			isa = XCConfigurationList;
			buildConfigurations = (
				806F549C1EF8FC5D00EF8BDD /* Debug */,
				806F549D1EF8FC5D00EF8BDD /* Release */,
			);
			defaultConfigurationIsVisible = 0;
		};
/* End XCConfigurationList section */
	};
	rootObject = 806F54731EF8FC5D00EF8BDD /* Project object */;
}
